{
  "pins" : [
    {
      "identity" : "csqlite",
      "kind" : "remoteSourceControl",
      "location" : "https://github.com/simolus3/CSQLite.git",
      "state" : {
        "revision" : "1ee46d19a4f451a7aa64ffc64fc99b4748131e62"
      }
    },
    {
      "identity" : "json-logic-swift",
      "kind" : "remoteSourceControl",
      "location" : "https://github.com/advantagefse/json-logic-swift",
      "state" : {
        "revision" : "9088eed1b26937fe13d248aa24d7632a51be28e2",
        "version" : "1.2.4"
      }
    },
    {
      "identity" : "mixpanel-swift",
      "kind" : "remoteSourceControl",
      "location" : "https://github.com/mixpanel/mixpanel-swift.git",
      "state" : {
        "revision" : "8399b37fca5717ba8701e0d2af26b98ce48bcaf3",
        "version" : "6.5.1"
      }
    },
    {
      "identity" : "mixpanel-swift-common",
      "kind" : "remoteSourceControl",
      "location" : "https://github.com/mixpanel/mixpanel-swift-common.git",
      "state" : {
        "revision" : "ffd168d972a1bea7e86104f253a3e105c69217e5",
        "version" : "1.0.1"
      }
    }
  ],
  "version" : 2
}
